
Microsoft Visual Studio Solution File, Format Version 12.00
# Visual Studio Version 17
VisualStudioVersion = 17.14.36414.22
MinimumVisualStudioVersion = 10.0.40219.1
Project("{00D1A9C2-B5F0-4AF3-8072-F6C62B433612}") = "SQL", "SQL\SQL.sqlproj", "{73FD6358-FD1B-4BB1-AB34-E252E3F89083}"
EndProject
Project("{00D1A9C2-B5F0-4AF3-8072-F6C62B433612}") = "T-SQL", "T-SQL\T-SQL.sqlproj", "{835B0F5E-8B40-43B8-9D65-D5BC0C708DF1}"
EndProject
Project("{2150E333-8FDC-42A3-9474-1A3956D46DE8}") = "Solution Items", "Solution Items", "{8EC462FD-D22E-90A8-E5CE-7E832BA40C5D}"
	ProjectSection(SolutionItems) = preProject
		Demo_Structure_Of_The_Script.txt = Demo_Structure_Of_The_Script.txt
	EndProjectSection
EndProject
Global
	GlobalSection(SolutionConfigurationPlatforms) = preSolution
		Debug|Any CPU = Debug|Any CPU
		Release|Any CPU = Release|Any CPU
	EndGlobalSection
	GlobalSection(ProjectConfigurationPlatforms) = postSolution
		{73FD6358-FD1B-4BB1-AB34-E252E3F89083}.Debug|Any CPU.ActiveCfg = Debug|Any CPU
		{73FD6358-FD1B-4BB1-AB34-E252E3F89083}.Debug|Any CPU.Build.0 = Debug|Any CPU
		{73FD6358-FD1B-4BB1-AB34-E252E3F89083}.Debug|Any CPU.Deploy.0 = Debug|Any CPU
		{73FD6358-FD1B-4BB1-AB34-E252E3F89083}.Release|Any CPU.ActiveCfg = Release|Any CPU
		{73FD6358-FD1B-4BB1-AB34-E252E3F89083}.Release|Any CPU.Build.0 = Release|Any CPU
		{73FD6358-FD1B-4BB1-AB34-E252E3F89083}.Release|Any CPU.Deploy.0 = Release|Any CPU
		{835B0F5E-8B40-43B8-9D65-D5BC0C708DF1}.Debug|Any CPU.ActiveCfg = Debug|Any CPU
		{835B0F5E-8B40-43B8-9D65-D5BC0C708DF1}.Debug|Any CPU.Build.0 = Debug|Any CPU
		{835B0F5E-8B40-43B8-9D65-D5BC0C708DF1}.Debug|Any CPU.Deploy.0 = Debug|Any CPU
		{835B0F5E-8B40-43B8-9D65-D5BC0C708DF1}.Release|Any CPU.ActiveCfg = Release|Any CPU
		{835B0F5E-8B40-43B8-9D65-D5BC0C708DF1}.Release|Any CPU.Build.0 = Release|Any CPU
		{835B0F5E-8B40-43B8-9D65-D5BC0C708DF1}.Release|Any CPU.Deploy.0 = Release|Any CPU
	EndGlobalSection
	GlobalSection(SolutionProperties) = preSolution
		HideSolutionNode = FALSE
	EndGlobalSection
	GlobalSection(ExtensibilityGlobals) = postSolution
		SolutionGuid = {C64A81FD-FA3D-4FEE-8181-AD9052FD89B1}
	EndGlobalSection
EndGlobal
